
Microsoft Visual Studio Solution File, Format Version 12.00
# Visual Studio Version 17
VisualStudioVersion = 17.3.32825.248
MinimumVisualStudioVersion = 10.0.40219.1
Project("{9A19103F-16F7-4668-BE54-9A1E7A4F7556}") = "ICT3101_Calculator", "ICT3101_Calculator\ICT3101_Calculator.csproj", "{7B55BBFC-8E7A-4AC0-8DF1-BBC02D91FFB5}"
EndProject
Project("{9A19103F-16F7-4668-BE54-9A1E7A4F7556}") = "ICT3101_Calculator.UnitTests", "ICT3101_Calculator.UnitTests\ICT3101_Calculator.UnitTests.csproj", "{7ED623CD-A19B-4475-862D-5D22745E8860}"
EndProject
Project("{FAE04EC0-301F-11D3-BF4B-00C04F79EFBC}") = "SpecFlowCalculatorTests", "SpecFlowCalculatorTests\SpecFlowCalculatorTests.csproj", "{237C0979-DFD5-418D-83DE-D5116FC60DE0}"
EndProject
Global
	GlobalSection(SolutionConfigurationPlatforms) = preSolution
		Debug|Any CPU = Debug|Any CPU
		Release|Any CPU = Release|Any CPU
	EndGlobalSection
	GlobalSection(ProjectConfigurationPlatforms) = postSolution
		{7B55BBFC-8E7A-4AC0-8DF1-BBC02D91FFB5}.Debug|Any CPU.ActiveCfg = Debug|Any CPU
		{7B55BBFC-8E7A-4AC0-8DF1-BBC02D91FFB5}.Debug|Any CPU.Build.0 = Debug|Any CPU
		{7B55BBFC-8E7A-4AC0-8DF1-BBC02D91FFB5}.Release|Any CPU.ActiveCfg = Release|Any CPU
		{7B55BBFC-8E7A-4AC0-8DF1-BBC02D91FFB5}.Release|Any CPU.Build.0 = Release|Any CPU
		{7ED623CD-A19B-4475-862D-5D22745E8860}.Debug|Any CPU.ActiveCfg = Debug|Any CPU
		{7ED623CD-A19B-4475-862D-5D22745E8860}.Debug|Any CPU.Build.0 = Debug|Any CPU
		{7ED623CD-A19B-4475-862D-5D22745E8860}.Release|Any CPU.ActiveCfg = Release|Any CPU
		{7ED623CD-A19B-4475-862D-5D22745E8860}.Release|Any CPU.Build.0 = Release|Any CPU
		{237C0979-DFD5-418D-83DE-D5116FC60DE0}.Debug|Any CPU.ActiveCfg = Debug|Any CPU
		{237C0979-DFD5-418D-83DE-D5116FC60DE0}.Debug|Any CPU.Build.0 = Debug|Any CPU
		{237C0979-DFD5-418D-83DE-D5116FC60DE0}.Release|Any CPU.ActiveCfg = Release|Any CPU
		{237C0979-DFD5-418D-83DE-D5116FC60DE0}.Release|Any CPU.Build.0 = Release|Any CPU
	EndGlobalSection
	GlobalSection(SolutionProperties) = preSolution
		HideSolutionNode = FALSE
	EndGlobalSection
	GlobalSection(ExtensibilityGlobals) = postSolution
		SolutionGuid = {25D12696-D719-4E7F-A5E3-005809E20B5C}
	EndGlobalSection
EndGlobal
